Microsoft Visual Studio Solution File, Format Version 12.00
# Visual Studio Version 17
VisualStudioVersion = 17.5.2.0
MinimumVisualStudioVersion = 10.0.40219.1
Project("{2150E333-8FDC-42A3-9474-1A3956D46DE8}") = "backend", "backend", "{1AE8ACA6-933B-BF2A-3671-3E2EAC007D16}"
EndProject
Project("{FAE04EC0-301F-11D3-BF4B-00C04F79EFBC}") = "KomOn.API", "backend\KomOn.API\KomOn.API.csproj", "{34F88C8B-E690-BE5D-40DB-02F2BFACE270}"
EndProject
Project("{FAE04EC0-301F-11D3-BF4B-00C04F79EFBC}") = "KomOn.Core", "backend\KomOn.Core\KomOn.Core.csproj", "{E19A6218-7400-983D-56E7-DAF8BD0046EB}"
EndProject
Global
	GlobalSection(SolutionConfigurationPlatforms) = preSolution
		Debug|Any CPU = Debug|Any CPU
		Release|Any CPU = Release|Any CPU
	EndGlobalSection
	GlobalSection(ProjectConfigurationPlatforms) = postSolution
		{34F88C8B-E690-BE5D-40DB-02F2BFACE270}.Debug|Any CPU.ActiveCfg = Debug|Any CPU
		{34F88C8B-E690-BE5D-40DB-02F2BFACE270}.Debug|Any CPU.Build.0 = Debug|Any CPU
		{34F88C8B-E690-BE5D-40DB-02F2BFACE270}.Release|Any CPU.ActiveCfg = Release|Any CPU
		{34F88C8B-E690-BE5D-40DB-02F2BFACE270}.Release|Any CPU.Build.0 = Release|Any CPU
		{E19A6218-7400-983D-56E7-DAF8BD0046EB}.Debug|Any CPU.ActiveCfg = Debug|Any CPU
		{E19A6218-7400-983D-56E7-DAF8BD0046EB}.Debug|Any CPU.Build.0 = Debug|Any CPU
		{E19A6218-7400-983D-56E7-DAF8BD0046EB}.Release|Any CPU.ActiveCfg = Release|Any CPU
		{E19A6218-7400-983D-56E7-DAF8BD0046EB}.Release|Any CPU.Build.0 = Release|Any CPU
	EndGlobalSection
	GlobalSection(SolutionProperties) = preSolution
		HideSolutionNode = FALSE
	EndGlobalSection
	GlobalSection(NestedProjects) = preSolution
		{34F88C8B-E690-BE5D-40DB-02F2BFACE270} = {1AE8ACA6-933B-BF2A-3671-3E2EAC007D16}
		{E19A6218-7400-983D-56E7-DAF8BD0046EB} = {1AE8ACA6-933B-BF2A-3671-3E2EAC007D16}
	EndGlobalSection
	GlobalSection(ExtensibilityGlobals) = postSolution
		SolutionGuid = {27214C41-85DC-43F5-BE94-1810FAEB2704}
	EndGlobalSection
EndGlobal
