# THIS IS AN AUTOGENERATED FILE. DO NOT EDIT THIS FILE DIRECTLY.
# yarn lockfile v1


"@chakra-ui/icons@^2.2.4":
  version "2.2.4"
  resolved "https://registry.yarnpkg.com/@chakra-ui/icons/-/icons-2.2.4.tgz#fc3f59a7e377d6e4efdbe8ee0a3aec7f29a4ab32"
  integrity sha512-l5QdBgwrAg3Sc2BRqtNkJpfuLw/pWRDwwT58J6c4PqQT6wzXxyNa8Q0PForu1ltB5qEiFb1kxr/F/HO1EwNa6g==

framer-motion@^12.23.0:
  version "12.23.0"
  resolved "https://registry.yarnpkg.com/framer-motion/-/framer-motion-12.23.0.tgz#220d5ab0ca9b3e2d10d69a5aa5f6d7badcbf328e"
  integrity sha512-xf6NxTGAyf7zR4r2KlnhFmsRfKIbjqeBupEDBAaEtVIBJX96sAon00kMlsKButSIRwPSHjbRrAPnYdJJ9kyhbA==
  dependencies:
    motion-dom "^12.22.0"
    motion-utils "^12.19.0"
    tslib "^2.4.0"

motion-dom@^12.22.0:
  version "12.22.0"
  resolved "https://registry.yarnpkg.com/motion-dom/-/motion-dom-12.22.0.tgz#aeb06948fa306590ece081af5a73a79476ce85e2"
  integrity sha512-ooH7+/BPw9gOsL9VtPhEJHE2m4ltnhMlcGMhEqA0YGNhKof7jdaszvsyThXI6LVIKshJUZ9/CP6HNqQhJfV7kw==
  dependencies:
    motion-utils "^12.19.0"

motion-utils@^12.19.0:
  version "12.19.0"
  resolved "https://registry.yarnpkg.com/motion-utils/-/motion-utils-12.19.0.tgz#a7cc102f756e97093793cac7c218533d3b27f509"
  integrity sha512-BuFTHINYmV07pdWs6lj6aI63vr2N4dg0vR+td0rtrdpWOhBzIkEklZyLcvKBoEtwSqx8Jg06vUB5RS0xDiUybw==

tslib@^2.4.0:
  version "2.8.1"
  resolved "https://registry.yarnpkg.com/tslib/-/tslib-2.8.1.tgz#612efe4ed235d567e8aba5f2a5fab70280ade83f"
  integrity sha512-oJFu94HQb+KVduSUQL7wnpmqnfmLsOA/nAh6b6EH0wCEoK0/mPeXU6c3wKDV83MkOuHPRHtSXKKU99IBazS/2w==
